
Microsoft Visual Studio Solution File, Format Version 12.00
# Visual Studio 15
VisualStudioVersion = 15.0.25807.0
MinimumVisualStudioVersion = 10.0.40219.1
Project("{2150E333-8FDC-42A3-9474-1A3956D46DE8}") = "Engine", "Engine", "{2537A554-5C9C-4DF3-9B8D-35465D14103F}"
EndProject
Project("{2150E333-8FDC-42A3-9474-1A3956D46DE8}") = "Games", "Games", "{09DAC110-A560-4D9A-82B5-F26F6D62E552}"
EndProject
Project("{8BC9CEB8-8B4A-11D0-8D11-00A0C91BC942}") = "ExilesOfEternity", "Intermediate\ProjectFiles\ExilesOfEternity.vcxproj", "{E85E8409-5CB9-4BBA-8DFF-89247F297AFA}"
EndProject
Project("{8BC9CEB8-8B4A-11D0-8D11-00A0C91BC942}") = "UE4", "Intermediate\ProjectFiles\UE4.vcxproj", "{C3147A63-7E6E-4E4E-97B1-6E11FF203947}"
EndProject
Project("{2150E333-8FDC-42A3-9474-1A3956D46DE8}") = "Visualizers", "Visualizers", "{1ED5CA66-772C-40F0-B521-4050E003F8CD}"
	ProjectSection(SolutionItems) = preProject
		D:\Software\UE_4.21\Engine\Extras\VisualStudioDebugging\UE4.natvis = D:\Software\UE_4.21\Engine\Extras\VisualStudioDebugging\UE4.natvis
	EndProjectSection
EndProject
Global
	GlobalSection(SolutionConfigurationPlatforms) = preSolution
		DebugGame Editor|HTML5 = DebugGame Editor|HTML5
		DebugGame Editor|Win32 = DebugGame Editor|Win32
		DebugGame Editor|Win64 = DebugGame Editor|Win64
		DebugGame Server|HTML5 = DebugGame Server|HTML5
		DebugGame Server|Win32 = DebugGame Server|Win32
		DebugGame Server|Win64 = DebugGame Server|Win64
		DebugGame|HTML5 = DebugGame|HTML5
		DebugGame|Win32 = DebugGame|Win32
		DebugGame|Win64 = DebugGame|Win64
		Development Editor|HTML5 = Development Editor|HTML5
		Development Editor|Win32 = Development Editor|Win32
		Development Editor|Win64 = Development Editor|Win64
		Development Server|HTML5 = Development Server|HTML5
		Development Server|Win32 = Development Server|Win32
		Development Server|Win64 = Development Server|Win64
		Development|HTML5 = Development|HTML5
		Development|Win32 = Development|Win32
		Development|Win64 = Development|Win64
		Shipping Server|HTML5 = Shipping Server|HTML5
		Shipping Server|Win32 = Shipping Server|Win32
		Shipping Server|Win64 = Shipping Server|Win64
		Shipping|HTML5 = Shipping|HTML5
		Shipping|Win32 = Shipping|Win32
		Shipping|Win64 = Shipping|Win64
	EndGlobalSection
	GlobalSection(ProjectConfigurationPlatforms) = postSolution
		{E85E8409-5CB9-4BBA-8DFF-89247F297AFA}.DebugGame Editor|HTML5.ActiveCfg = Invalid|Win32
		{E85E8409-5CB9-4BBA-8DFF-89247F297AFA}.DebugGame Editor|Win32.ActiveCfg = Invalid|Win32
		{E85E8409-5CB9-4BBA-8DFF-89247F297AFA}.DebugGame Editor|Win64.ActiveCfg = DebugGame_Editor|x64
		{E85E8409-5CB9-4BBA-8DFF-89247F297AFA}.DebugGame Editor|Win64.Build.0 = DebugGame_Editor|x64
		{E85E8409-5CB9-4BBA-8DFF-89247F297AFA}.DebugGame Server|HTML5.ActiveCfg = Invalid|Win32
		{E85E8409-5CB9-4BBA-8DFF-89247F297AFA}.DebugGame Server|Win32.ActiveCfg = DebugGame_Server|Win32
		{E85E8409-5CB9-4BBA-8DFF-89247F297AFA}.DebugGame Server|Win32.Build.0 = DebugGame_Server|Win32
		{E85E8409-5CB9-4BBA-8DFF-89247F297AFA}.DebugGame Server|Win64.ActiveCfg = DebugGame_Server|x64
		{E85E8409-5CB9-4BBA-8DFF-89247F297AFA}.DebugGame Server|Win64.Build.0 = DebugGame_Server|x64
		{E85E8409-5CB9-4BBA-8DFF-89247F297AFA}.DebugGame|HTML5.ActiveCfg = HTML5_DebugGame|Win32
		{E85E8409-5CB9-4BBA-8DFF-89247F297AFA}.DebugGame|HTML5.Build.0 = HTML5_DebugGame|Win32
		{E85E8409-5CB9-4BBA-8DFF-89247F297AFA}.DebugGame|Win32.ActiveCfg = DebugGame|Win32
		{E85E8409-5CB9-4BBA-8DFF-89247F297AFA}.DebugGame|Win32.Build.0 = DebugGame|Win32
		{E85E8409-5CB9-4BBA-8DFF-89247F297AFA}.DebugGame|Win64.ActiveCfg = DebugGame|x64
		{E85E8409-5CB9-4BBA-8DFF-89247F297AFA}.DebugGame|Win64.Build.0 = DebugGame|x64
		{E85E8409-5CB9-4BBA-8DFF-89247F297AFA}.Development Editor|HTML5.ActiveCfg = Invalid|Win32
		{E85E8409-5CB9-4BBA-8DFF-89247F297AFA}.Development Editor|Win32.ActiveCfg = Invalid|Win32
		{E85E8409-5CB9-4BBA-8DFF-89247F297AFA}.Development Editor|Win64.ActiveCfg = Development_Editor|x64
		{E85E8409-5CB9-4BBA-8DFF-89247F297AFA}.Development Editor|Win64.Build.0 = Development_Editor|x64
		{E85E8409-5CB9-4BBA-8DFF-89247F297AFA}.Development Server|HTML5.ActiveCfg = Invalid|Win32
		{E85E8409-5CB9-4BBA-8DFF-89247F297AFA}.Development Server|Win32.ActiveCfg = Development_Server|Win32
		{E85E8409-5CB9-4BBA-8DFF-89247F297AFA}.Development Server|Win32.Build.0 = Development_Server|Win32
		{E85E8409-5CB9-4BBA-8DFF-89247F297AFA}.Development Server|Win64.ActiveCfg = Development_Server|x64
		{E85E8409-5CB9-4BBA-8DFF-89247F297AFA}.Development Server|Win64.Build.0 = Development_Server|x64
		{E85E8409-5CB9-4BBA-8DFF-89247F297AFA}.Development|HTML5.ActiveCfg = HTML5_Development|Win32
		{E85E8409-5CB9-4BBA-8DFF-89247F297AFA}.Development|HTML5.Build.0 = HTML5_Development|Win32
		{E85E8409-5CB9-4BBA-8DFF-89247F297AFA}.Development|Win32.ActiveCfg = Development|Win32
		{E85E8409-5CB9-4BBA-8DFF-89247F297AFA}.Development|Win32.Build.0 = Development|Win32
		{E85E8409-5CB9-4BBA-8DFF-89247F297AFA}.Development|Win64.ActiveCfg = Development|x64
		{E85E8409-5CB9-4BBA-8DFF-89247F297AFA}.Development|Win64.Build.0 = Development|x64
		{E85E8409-5CB9-4BBA-8DFF-89247F297AFA}.Shipping Server|HTML5.ActiveCfg = Invalid|Win32
		{E85E8409-5CB9-4BBA-8DFF-89247F297AFA}.Shipping Server|Win32.ActiveCfg = Shipping_Server|Win32
		{E85E8409-5CB9-4BBA-8DFF-89247F297AFA}.Shipping Server|Win32.Build.0 = Shipping_Server|Win32
		{E85E8409-5CB9-4BBA-8DFF-89247F297AFA}.Shipping Server|Win64.ActiveCfg = Shipping_Server|x64
		{E85E8409-5CB9-4BBA-8DFF-89247F297AFA}.Shipping Server|Win64.Build.0 = Shipping_Server|x64
		{E85E8409-5CB9-4BBA-8DFF-89247F297AFA}.Shipping|HTML5.ActiveCfg = HTML5_Shipping|Win32
		{E85E8409-5CB9-4BBA-8DFF-89247F297AFA}.Shipping|HTML5.Build.0 = HTML5_Shipping|Win32
		{E85E8409-5CB9-4BBA-8DFF-89247F297AFA}.Shipping|Win32.ActiveCfg = Shipping|Win32
		{E85E8409-5CB9-4BBA-8DFF-89247F297AFA}.Shipping|Win32.Build.0 = Shipping|Win32
		{E85E8409-5CB9-4BBA-8DFF-89247F297AFA}.Shipping|Win64.ActiveCfg = Shipping|x64
		{E85E8409-5CB9-4BBA-8DFF-89247F297AFA}.Shipping|Win64.Build.0 = Shipping|x64
		{C3147A63-7E6E-4E4E-97B1-6E11FF203947}.DebugGame Editor|HTML5.ActiveCfg = BuiltWithUnrealBuildTool|Win32
		{C3147A63-7E6E-4E4E-97B1-6E11FF203947}.DebugGame Editor|Win32.ActiveCfg = BuiltWithUnrealBuildTool|Win32
		{C3147A63-7E6E-4E4E-97B1-6E11FF203947}.DebugGame Editor|Win64.ActiveCfg = BuiltWithUnrealBuildTool|Win32
		{C3147A63-7E6E-4E4E-97B1-6E11FF203947}.DebugGame Server|HTML5.ActiveCfg = BuiltWithUnrealBuildTool|Win32
		{C3147A63-7E6E-4E4E-97B1-6E11FF203947}.DebugGame Server|Win32.ActiveCfg = BuiltWithUnrealBuildTool|Win32
		{C3147A63-7E6E-4E4E-97B1-6E11FF203947}.DebugGame Server|Win64.ActiveCfg = BuiltWithUnrealBuildTool|Win32
		{C3147A63-7E6E-4E4E-97B1-6E11FF203947}.DebugGame|HTML5.ActiveCfg = BuiltWithUnrealBuildTool|Win32
		{C3147A63-7E6E-4E4E-97B1-6E11FF203947}.DebugGame|Win32.ActiveCfg = BuiltWithUnrealBuildTool|Win32
		{C3147A63-7E6E-4E4E-97B1-6E11FF203947}.DebugGame|Win64.ActiveCfg = BuiltWithUnrealBuildTool|Win32
		{C3147A63-7E6E-4E4E-97B1-6E11FF203947}.Development Editor|HTML5.ActiveCfg = BuiltWithUnrealBuildTool|Win32
		{C3147A63-7E6E-4E4E-97B1-6E11FF203947}.Development Editor|Win32.ActiveCfg = BuiltWithUnrealBuildTool|Win32
		{C3147A63-7E6E-4E4E-97B1-6E11FF203947}.Development Editor|Win64.ActiveCfg = BuiltWithUnrealBuildTool|Win32
		{C3147A63-7E6E-4E4E-97B1-6E11FF203947}.Development Server|HTML5.ActiveCfg = BuiltWithUnrealBuildTool|Win32
		{C3147A63-7E6E-4E4E-97B1-6E11FF203947}.Development Server|Win32.ActiveCfg = BuiltWithUnrealBuildTool|Win32
		{C3147A63-7E6E-4E4E-97B1-6E11FF203947}.Development Server|Win64.ActiveCfg = BuiltWithUnrealBuildTool|Win32
		{C3147A63-7E6E-4E4E-97B1-6E11FF203947}.Development|HTML5.ActiveCfg = BuiltWithUnrealBuildTool|Win32
		{C3147A63-7E6E-4E4E-97B1-6E11FF203947}.Development|Win32.ActiveCfg = BuiltWithUnrealBuildTool|Win32
		{C3147A63-7E6E-4E4E-97B1-6E11FF203947}.Development|Win64.ActiveCfg = BuiltWithUnrealBuildTool|Win32
		{C3147A63-7E6E-4E4E-97B1-6E11FF203947}.Shipping Server|HTML5.ActiveCfg = BuiltWithUnrealBuildTool|Win32
		{C3147A63-7E6E-4E4E-97B1-6E11FF203947}.Shipping Server|Win32.ActiveCfg = BuiltWithUnrealBuildTool|Win32
		{C3147A63-7E6E-4E4E-97B1-6E11FF203947}.Shipping Server|Win64.ActiveCfg = BuiltWithUnrealBuildTool|Win32
		{C3147A63-7E6E-4E4E-97B1-6E11FF203947}.Shipping|HTML5.ActiveCfg = BuiltWithUnrealBuildTool|Win32
		{C3147A63-7E6E-4E4E-97B1-6E11FF203947}.Shipping|Win32.ActiveCfg = BuiltWithUnrealBuildTool|Win32
		{C3147A63-7E6E-4E4E-97B1-6E11FF203947}.Shipping|Win64.ActiveCfg = BuiltWithUnrealBuildTool|Win32
	EndGlobalSection
	GlobalSection(SolutionProperties) = preSolution
		HideSolutionNode = FALSE
	EndGlobalSection
	GlobalSection(NestedProjects) = preSolution
		{C3147A63-7E6E-4E4E-97B1-6E11FF203947} = {2537A554-5C9C-4DF3-9B8D-35465D14103F}
		{E85E8409-5CB9-4BBA-8DFF-89247F297AFA} = {09DAC110-A560-4D9A-82B5-F26F6D62E552}
	EndGlobalSection
EndGlobal
